Microsoft Visual Studio Solution File, Format Version 12.00
# Visual Studio Version 17
VisualStudioVersion = 17.5.2.0
MinimumVisualStudioVersion = 10.0.40219.1
Project("{FAE04EC0-301F-11D3-BF4B-00C04F79EFBC}") = "Repetisjon REST og CRUD", "Repetisjon REST og CRUD.csproj", "{D6FB6868-43EF-04DE-848C-279F2C7FD97B}"
EndProject
Global
	GlobalSection(SolutionConfigurationPlatforms) = preSolution
		Debug|Any CPU = Debug|Any CPU
		Release|Any CPU = Release|Any CPU
	EndGlobalSection
	GlobalSection(ProjectConfigurationPlatforms) = postSolution
		{D6FB6868-43EF-04DE-848C-279F2C7FD97B}.Debug|Any CPU.ActiveCfg = Debug|Any CPU
		{D6FB6868-43EF-04DE-848C-279F2C7FD97B}.Debug|Any CPU.Build.0 = Debug|Any CPU
		{D6FB6868-43EF-04DE-848C-279F2C7FD97B}.Release|Any CPU.ActiveCfg = Release|Any CPU
		{D6FB6868-43EF-04DE-848C-279F2C7FD97B}.Release|Any CPU.Build.0 = Release|Any CPU
	EndGlobalSection
	GlobalSection(SolutionProperties) = preSolution
		HideSolutionNode = FALSE
	EndGlobalSection
	GlobalSection(ExtensibilityGlobals) = postSolution
		SolutionGuid = {4AD403FD-12FD-4959-AF78-CE691EB8E4D7}
	EndGlobalSection
EndGlobal
